
Microsoft Visual Studio Solution File, Format Version 12.00
# Visual Studio 14
VisualStudioVersion = 14.0.25420.1
MinimumVisualStudioVersion = 10.0.40219.1
Project("{FAE04EC0-301F-11D3-BF4B-00C04F79EFBC}") = "ArtilleryCalculator", "ArtilleryCalculator\ArtilleryCalculator\ArtilleryCalculator.csproj", "{704DCA2A-9917-45B0-83D9-F62C5F9B5C00}"
EndProject
Project("{FAE04EC0-301F-11D3-BF4B-00C04F79EFBC}") = "ArtilleryCalculator.Droid", "ArtilleryCalculator\ArtilleryCalculator.Droid\ArtilleryCalculator.Droid.csproj", "{92162262-2554-4614-9BB4-3D675D11D8DD}"
EndProject
Project("{FAE04EC0-301F-11D3-BF4B-00C04F79EFBC}") = "ArtilleryCalculator.iOS", "ArtilleryCalculator\ArtilleryCalculator.iOS\ArtilleryCalculator.iOS.csproj", "{C3BFFC4D-1AC8-4225-9DC5-D3A6D8E97524}"
EndProject
Project("{FAE04EC0-301F-11D3-BF4B-00C04F79EFBC}") = "ArtilleryCalculator.WinPhone", "ArtilleryCalculator\ArtilleryCalculator.WinPhone\ArtilleryCalculator.WinPhone.csproj", "{53C2940A-8D44-4CC9-9CB6-2ACA60B8D5A1}"
EndProject
Project("{FAE04EC0-301F-11D3-BF4B-00C04F79EFBC}") = "ArtilleryCalculator.UWP", "ArtilleryCalculator\ArtilleryCalculator.UWP\ArtilleryCalculator.UWP.csproj", "{915DDBEF-F0A8-4A34-B98F-64227F110452}"
EndProject
Project("{FAE04EC0-301F-11D3-BF4B-00C04F79EFBC}") = "ArtilleryCalculator.Windows", "ArtilleryCalculator\ArtilleryCalculator.Windows\ArtilleryCalculator.Windows.csproj", "{47B6D2A5-FE61-46A1-8C4A-9F4CE8F96442}"
EndProject
Global
	GlobalSection(SolutionConfigurationPlatforms) = preSolution
		Ad-Hoc|Any CPU = Ad-Hoc|Any CPU
		Ad-Hoc|ARM = Ad-Hoc|ARM
		Ad-Hoc|iPhone = Ad-Hoc|iPhone
		Ad-Hoc|iPhoneSimulator = Ad-Hoc|iPhoneSimulator
		Ad-Hoc|x64 = Ad-Hoc|x64
		Ad-Hoc|x86 = Ad-Hoc|x86
		AppStore|Any CPU = AppStore|Any CPU
		AppStore|ARM = AppStore|ARM
		AppStore|iPhone = AppStore|iPhone
		AppStore|iPhoneSimulator = AppStore|iPhoneSimulator
		AppStore|x64 = AppStore|x64
		AppStore|x86 = AppStore|x86
		Debug|Any CPU = Debug|Any CPU
		Debug|ARM = Debug|ARM
		Debug|iPhone = Debug|iPhone
		Debug|iPhoneSimulator = Debug|iPhoneSimulator
		Debug|x64 = Debug|x64
		Debug|x86 = Debug|x86
		Release|Any CPU = Release|Any CPU
		Release|ARM = Release|ARM
		Release|iPhone = Release|iPhone
		Release|iPhoneSimulator = Release|iPhoneSimulator
		Release|x64 = Release|x64
		Release|x86 = Release|x86
	EndGlobalSection
	GlobalSection(ProjectConfigurationPlatforms) = postSolution
		{704DCA2A-9917-45B0-83D9-F62C5F9B5C00}.Ad-Hoc|Any CPU.ActiveCfg = Release|Any CPU
		{704DCA2A-9917-45B0-83D9-F62C5F9B5C00}.Ad-Hoc|Any CPU.Build.0 = Release|Any CPU
		{704DCA2A-9917-45B0-83D9-F62C5F9B5C00}.Ad-Hoc|ARM.ActiveCfg = Release|Any CPU
		{704DCA2A-9917-45B0-83D9-F62C5F9B5C00}.Ad-Hoc|ARM.Build.0 = Release|Any CPU
		{704DCA2A-9917-45B0-83D9-F62C5F9B5C00}.Ad-Hoc|iPhone.ActiveCfg = Release|Any CPU
		{704DCA2A-9917-45B0-83D9-F62C5F9B5C00}.Ad-Hoc|iPhone.Build.0 = Release|Any CPU
		{704DCA2A-9917-45B0-83D9-F62C5F9B5C00}.Ad-Hoc|iPhoneSimulator.ActiveCfg = Release|Any CPU
		{704DCA2A-9917-45B0-83D9-F62C5F9B5C00}.Ad-Hoc|iPhoneSimulator.Build.0 = Release|Any CPU
		{704DCA2A-9917-45B0-83D9-F62C5F9B5C00}.Ad-Hoc|x64.ActiveCfg = Release|Any CPU
		{704DCA2A-9917-45B0-83D9-F62C5F9B5C00}.Ad-Hoc|x64.Build.0 = Release|Any CPU
		{704DCA2A-9917-45B0-83D9-F62C5F9B5C00}.Ad-Hoc|x86.ActiveCfg = Release|Any CPU
		{704DCA2A-9917-45B0-83D9-F62C5F9B5C00}.Ad-Hoc|x86.Build.0 = Release|Any CPU
		{704DCA2A-9917-45B0-83D9-F62C5F9B5C00}.AppStore|Any CPU.ActiveCfg = Release|Any CPU
		{704DCA2A-9917-45B0-83D9-F62C5F9B5C00}.AppStore|Any CPU.Build.0 = Release|Any CPU
		{704DCA2A-9917-45B0-83D9-F62C5F9B5C00}.AppStore|ARM.ActiveCfg = Release|Any CPU
		{704DCA2A-9917-45B0-83D9-F62C5F9B5C00}.AppStore|ARM.Build.0 = Release|Any CPU
		{704DCA2A-9917-45B0-83D9-F62C5F9B5C00}.AppStore|iPhone.ActiveCfg = Release|Any CPU
		{704DCA2A-9917-45B0-83D9-F62C5F9B5C00}.AppStore|iPhone.Build.0 = Release|Any CPU
		{704DCA2A-9917-45B0-83D9-F62C5F9B5C00}.AppStore|iPhoneSimulator.ActiveCfg = Release|Any CPU
		{704DCA2A-9917-45B0-83D9-F62C5F9B5C00}.AppStore|iPhoneSimulator.Build.0 = Release|Any CPU
		{704DCA2A-9917-45B0-83D9-F62C5F9B5C00}.AppStore|x64.ActiveCfg = Release|Any CPU
		{704DCA2A-9917-45B0-83D9-F62C5F9B5C00}.AppStore|x64.Build.0 = Release|Any CPU
		{704DCA2A-9917-45B0-83D9-F62C5F9B5C00}.AppStore|x86.ActiveCfg = Release|Any CPU
		{704DCA2A-9917-45B0-83D9-F62C5F9B5C00}.AppStore|x86.Build.0 = Release|Any CPU
		{704DCA2A-9917-45B0-83D9-F62C5F9B5C00}.Debug|Any CPU.ActiveCfg = Debug|Any CPU
		{704DCA2A-9917-45B0-83D9-F62C5F9B5C00}.Debug|Any CPU.Build.0 = Debug|Any CPU
		{704DCA2A-9917-45B0-83D9-F62C5F9B5C00}.Debug|ARM.ActiveCfg = Debug|Any CPU
		{704DCA2A-9917-45B0-83D9-F62C5F9B5C00}.Debug|ARM.Build.0 = Debug|Any CPU
		{704DCA2A-9917-45B0-83D9-F62C5F9B5C00}.Debug|iPhone.ActiveCfg = Debug|Any CPU
		{704DCA2A-9917-45B0-83D9-F62C5F9B5C00}.Debug|iPhone.Build.0 = Debug|Any CPU
		{704DCA2A-9917-45B0-83D9-F62C5F9B5C00}.Debug|iPhoneSimulator.ActiveCfg = Debug|Any CPU
		{704DCA2A-9917-45B0-83D9-F62C5F9B5C00}.Debug|iPhoneSimulator.Build.0 = Debug|Any CPU
		{704DCA2A-9917-45B0-83D9-F62C5F9B5C00}.Debug|x64.ActiveCfg = Debug|Any CPU
		{704DCA2A-9917-45B0-83D9-F62C5F9B5C00}.Debug|x64.Build.0 = Debug|Any CPU
		{704DCA2A-9917-45B0-83D9-F62C5F9B5C00}.Debug|x86.ActiveCfg = Debug|Any CPU
		{704DCA2A-9917-45B0-83D9-F62C5F9B5C00}.Debug|x86.Build.0 = Debug|Any CPU
		{704DCA2A-9917-45B0-83D9-F62C5F9B5C00}.Release|Any CPU.ActiveCfg = Release|Any CPU
		{704DCA2A-9917-45B0-83D9-F62C5F9B5C00}.Release|Any CPU.Build.0 = Release|Any CPU
		{704DCA2A-9917-45B0-83D9-F62C5F9B5C00}.Release|ARM.ActiveCfg = Release|Any CPU
		{704DCA2A-9917-45B0-83D9-F62C5F9B5C00}.Release|ARM.Build.0 = Release|Any CPU
		{704DCA2A-9917-45B0-83D9-F62C5F9B5C00}.Release|iPhone.ActiveCfg = Release|Any CPU
		{704DCA2A-9917-45B0-83D9-F62C5F9B5C00}.Release|iPhone.Build.0 = Release|Any CPU
		{704DCA2A-9917-45B0-83D9-F62C5F9B5C00}.Release|iPhoneSimulator.ActiveCfg = Release|Any CPU
		{704DCA2A-9917-45B0-83D9-F62C5F9B5C00}.Release|iPhoneSimulator.Build.0 = Release|Any CPU
		{704DCA2A-9917-45B0-83D9-F62C5F9B5C00}.Release|x64.ActiveCfg = Release|Any CPU
		{704DCA2A-9917-45B0-83D9-F62C5F9B5C00}.Release|x64.Build.0 = Release|Any CPU
		{704DCA2A-9917-45B0-83D9-F62C5F9B5C00}.Release|x86.ActiveCfg = Release|Any CPU
		{704DCA2A-9917-45B0-83D9-F62C5F9B5C00}.Release|x86.Build.0 = Release|Any CPU
		{92162262-2554-4614-9BB4-3D675D11D8DD}.Ad-Hoc|Any CPU.ActiveCfg = Release|Any CPU
		{92162262-2554-4614-9BB4-3D675D11D8DD}.Ad-Hoc|Any CPU.Build.0 = Release|Any CPU
		{92162262-2554-4614-9BB4-3D675D11D8DD}.Ad-Hoc|Any CPU.Deploy.0 = Release|Any CPU
		{92162262-2554-4614-9BB4-3D675D11D8DD}.Ad-Hoc|ARM.ActiveCfg = Release|Any CPU
		{92162262-2554-4614-9BB4-3D675D11D8DD}.Ad-Hoc|ARM.Build.0 = Release|Any CPU
		{92162262-2554-4614-9BB4-3D675D11D8DD}.Ad-Hoc|ARM.Deploy.0 = Release|Any CPU
		{92162262-2554-4614-9BB4-3D675D11D8DD}.Ad-Hoc|iPhone.ActiveCfg = Release|Any CPU
		{92162262-2554-4614-9BB4-3D675D11D8DD}.Ad-Hoc|iPhone.Build.0 = Release|Any CPU
		{92162262-2554-4614-9BB4-3D675D11D8DD}.Ad-Hoc|iPhone.Deploy.0 = Release|Any CPU
		{92162262-2554-4614-9BB4-3D675D11D8DD}.Ad-Hoc|iPhoneSimulator.ActiveCfg = Release|Any CPU
		{92162262-2554-4614-9BB4-3D675D11D8DD}.Ad-Hoc|iPhoneSimulator.Build.0 = Release|Any CPU
		{92162262-2554-4614-9BB4-3D675D11D8DD}.Ad-Hoc|iPhoneSimulator.Deploy.0 = Release|Any CPU
		{92162262-2554-4614-9BB4-3D675D11D8DD}.Ad-Hoc|x64.ActiveCfg = Release|Any CPU
		{92162262-2554-4614-9BB4-3D675D11D8DD}.Ad-Hoc|x64.Build.0 = Release|Any CPU
		{92162262-2554-4614-9BB4-3D675D11D8DD}.Ad-Hoc|x64.Deploy.0 = Release|Any CPU
		{92162262-2554-4614-9BB4-3D675D11D8DD}.Ad-Hoc|x86.ActiveCfg = Release|Any CPU
		{92162262-2554-4614-9BB4-3D675D11D8DD}.Ad-Hoc|x86.Build.0 = Release|Any CPU
		{92162262-2554-4614-9BB4-3D675D11D8DD}.Ad-Hoc|x86.Deploy.0 = Release|Any CPU
		{92162262-2554-4614-9BB4-3D675D11D8DD}.AppStore|Any CPU.ActiveCfg = Release|Any CPU
		{92162262-2554-4614-9BB4-3D675D11D8DD}.AppStore|Any CPU.Build.0 = Release|Any CPU
		{92162262-2554-4614-9BB4-3D675D11D8DD}.AppStore|Any CPU.Deploy.0 = Release|Any CPU
		{92162262-2554-4614-9BB4-3D675D11D8DD}.AppStore|ARM.ActiveCfg = Release|Any CPU
		{92162262-2554-4614-9BB4-3D675D11D8DD}.AppStore|ARM.Build.0 = Release|Any CPU
		{92162262-2554-4614-9BB4-3D675D11D8DD}.AppStore|ARM.Deploy.0 = Release|Any CPU
		{92162262-2554-4614-9BB4-3D675D11D8DD}.AppStore|iPhone.ActiveCfg = Release|Any CPU
		{92162262-2554-4614-9BB4-3D675D11D8DD}.AppStore|iPhone.Build.0 = Release|Any CPU
		{92162262-2554-4614-9BB4-3D675D11D8DD}.AppStore|iPhone.Deploy.0 = Release|Any CPU
		{92162262-2554-4614-9BB4-3D675D11D8DD}.AppStore|iPhoneSimulator.ActiveCfg = Release|Any CPU
		{92162262-2554-4614-9BB4-3D675D11D8DD}.AppStore|iPhoneSimulator.Build.0 = Release|Any CPU
		{92162262-2554-4614-9BB4-3D675D11D8DD}.AppStore|iPhoneSimulator.Deploy.0 = Release|Any CPU
		{92162262-2554-4614-9BB4-3D675D11D8DD}.AppStore|x64.ActiveCfg = Release|Any CPU
		{92162262-2554-4614-9BB4-3D675D11D8DD}.AppStore|x64.Build.0 = Release|Any CPU
		{92162262-2554-4614-9BB4-3D675D11D8DD}.AppStore|x64.Deploy.0 = Release|Any CPU
		{92162262-2554-4614-9BB4-3D675D11D8DD}.AppStore|x86.ActiveCfg = Release|Any CPU
		{92162262-2554-4614-9BB4-3D675D11D8DD}.AppStore|x86.Build.0 = Release|Any CPU
		{92162262-2554-4614-9BB4-3D675D11D8DD}.AppStore|x86.Deploy.0 = Release|Any CPU
		{92162262-2554-4614-9BB4-3D675D11D8DD}.Debug|Any CPU.ActiveCfg = Debug|Any CPU
		{92162262-2554-4614-9BB4-3D675D11D8DD}.Debug|Any CPU.Build.0 = Debug|Any CPU
		{92162262-2554-4614-9BB4-3D675D11D8DD}.Debug|Any CPU.Deploy.0 = Debug|Any CPU
		{92162262-2554-4614-9BB4-3D675D11D8DD}.Debug|ARM.ActiveCfg = Debug|Any CPU
		{92162262-2554-4614-9BB4-3D675D11D8DD}.Debug|ARM.Build.0 = Debug|Any CPU
		{92162262-2554-4614-9BB4-3D675D11D8DD}.Debug|ARM.Deploy.0 = Debug|Any CPU
		{92162262-2554-4614-9BB4-3D675D11D8DD}.Debug|iPhone.ActiveCfg = Debug|Any CPU
		{92162262-2554-4614-9BB4-3D675D11D8DD}.Debug|iPhone.Build.0 = Debug|Any CPU
		{92162262-2554-4614-9BB4-3D675D11D8DD}.Debug|iPhone.Deploy.0 = Debug|Any CPU
		{92162262-2554-4614-9BB4-3D675D11D8DD}.Debug|iPhoneSimulator.ActiveCfg = Debug|Any CPU
		{92162262-2554-4614-9BB4-3D675D11D8DD}.Debug|iPhoneSimulator.Build.0 = Debug|Any CPU
		{92162262-2554-4614-9BB4-3D675D11D8DD}.Debug|iPhoneSimulator.Deploy.0 = Debug|Any CPU
		{92162262-2554-4614-9BB4-3D675D11D8DD}.Debug|x64.ActiveCfg = Debug|Any CPU
		{92162262-2554-4614-9BB4-3D675D11D8DD}.Debug|x64.Build.0 = Debug|Any CPU
		{92162262-2554-4614-9BB4-3D675D11D8DD}.Debug|x64.Deploy.0 = Debug|Any CPU
		{92162262-2554-4614-9BB4-3D675D11D8DD}.Debug|x86.ActiveCfg = Debug|Any CPU
		{92162262-2554-4614-9BB4-3D675D11D8DD}.Debug|x86.Build.0 = Debug|Any CPU
		{92162262-2554-4614-9BB4-3D675D11D8DD}.Debug|x86.Deploy.0 = Debug|Any CPU
		{92162262-2554-4614-9BB4-3D675D11D8DD}.Release|Any CPU.ActiveCfg = Release|Any CPU
		{92162262-2554-4614-9BB4-3D675D11D8DD}.Release|Any CPU.Build.0 = Release|Any CPU
		{92162262-2554-4614-9BB4-3D675D11D8DD}.Release|Any CPU.Deploy.0 = Release|Any CPU
		{92162262-2554-4614-9BB4-3D675D11D8DD}.Release|ARM.ActiveCfg = Release|Any CPU
		{92162262-2554-4614-9BB4-3D675D11D8DD}.Release|ARM.Build.0 = Release|Any CPU
		{92162262-2554-4614-9BB4-3D675D11D8DD}.Release|ARM.Deploy.0 = Release|Any CPU
		{92162262-2554-4614-9BB4-3D675D11D8DD}.Release|iPhone.ActiveCfg = Release|Any CPU
		{92162262-2554-4614-9BB4-3D675D11D8DD}.Release|iPhone.Build.0 = Release|Any CPU
		{92162262-2554-4614-9BB4-3D675D11D8DD}.Release|iPhone.Deploy.0 = Release|Any CPU
		{92162262-2554-4614-9BB4-3D675D11D8DD}.Release|iPhoneSimulator.ActiveCfg = Release|Any CPU
		{92162262-2554-4614-9BB4-3D675D11D8DD}.Release|iPhoneSimulator.Build.0 = Release|Any CPU
		{92162262-2554-4614-9BB4-3D675D11D8DD}.Release|iPhoneSimulator.Deploy.0 = Release|Any CPU
		{92162262-2554-4614-9BB4-3D675D11D8DD}.Release|x64.ActiveCfg = Release|Any CPU
		{92162262-2554-4614-9BB4-3D675D11D8DD}.Release|x64.Build.0 = Release|Any CPU
		{92162262-2554-4614-9BB4-3D675D11D8DD}.Release|x64.Deploy.0 = Release|Any CPU
		{92162262-2554-4614-9BB4-3D675D11D8DD}.Release|x86.ActiveCfg = Release|Any CPU
		{92162262-2554-4614-9BB4-3D675D11D8DD}.Release|x86.Build.0 = Release|Any CPU
		{92162262-2554-4614-9BB4-3D675D11D8DD}.Release|x86.Deploy.0 = Release|Any CPU
		{C3BFFC4D-1AC8-4225-9DC5-D3A6D8E97524}.Ad-Hoc|Any CPU.ActiveCfg = Ad-Hoc|iPhone
		{C3BFFC4D-1AC8-4225-9DC5-D3A6D8E97524}.Ad-Hoc|ARM.ActiveCfg = Ad-Hoc|iPhone
		{C3BFFC4D-1AC8-4225-9DC5-D3A6D8E97524}.Ad-Hoc|iPhone.ActiveCfg = Ad-Hoc|iPhone
		{C3BFFC4D-1AC8-4225-9DC5-D3A6D8E97524}.Ad-Hoc|iPhone.Build.0 = Ad-Hoc|iPhone
		{C3BFFC4D-1AC8-4225-9DC5-D3A6D8E97524}.Ad-Hoc|iPhoneSimulator.ActiveCfg = Ad-Hoc|iPhoneSimulator
		{C3BFFC4D-1AC8-4225-9DC5-D3A6D8E97524}.Ad-Hoc|iPhoneSimulator.Build.0 = Ad-Hoc|iPhoneSimulator
		{C3BFFC4D-1AC8-4225-9DC5-D3A6D8E97524}.Ad-Hoc|x64.ActiveCfg = Ad-Hoc|iPhone
		{C3BFFC4D-1AC8-4225-9DC5-D3A6D8E97524}.Ad-Hoc|x86.ActiveCfg = Ad-Hoc|iPhone
		{C3BFFC4D-1AC8-4225-9DC5-D3A6D8E97524}.AppStore|Any CPU.ActiveCfg = AppStore|iPhone
		{C3BFFC4D-1AC8-4225-9DC5-D3A6D8E97524}.AppStore|ARM.ActiveCfg = AppStore|iPhone
		{C3BFFC4D-1AC8-4225-9DC5-D3A6D8E97524}.AppStore|iPhone.ActiveCfg = AppStore|iPhone
		{C3BFFC4D-1AC8-4225-9DC5-D3A6D8E97524}.AppStore|iPhone.Build.0 = AppStore|iPhone
		{C3BFFC4D-1AC8-4225-9DC5-D3A6D8E97524}.AppStore|iPhoneSimulator.ActiveCfg = AppStore|iPhoneSimulator
		{C3BFFC4D-1AC8-4225-9DC5-D3A6D8E97524}.AppStore|iPhoneSimulator.Build.0 = AppStore|iPhoneSimulator
		{C3BFFC4D-1AC8-4225-9DC5-D3A6D8E97524}.AppStore|x64.ActiveCfg = AppStore|iPhone
		{C3BFFC4D-1AC8-4225-9DC5-D3A6D8E97524}.AppStore|x86.ActiveCfg = AppStore|iPhone
		{C3BFFC4D-1AC8-4225-9DC5-D3A6D8E97524}.Debug|Any CPU.ActiveCfg = Debug|iPhone
		{C3BFFC4D-1AC8-4225-9DC5-D3A6D8E97524}.Debug|ARM.ActiveCfg = Debug|iPhone
		{C3BFFC4D-1AC8-4225-9DC5-D3A6D8E97524}.Debug|iPhone.ActiveCfg = Debug|iPhone
		{C3BFFC4D-1AC8-4225-9DC5-D3A6D8E97524}.Debug|iPhone.Build.0 = Debug|iPhone
		{C3BFFC4D-1AC8-4225-9DC5-D3A6D8E97524}.Debug|iPhoneSimulator.ActiveCfg = Debug|iPhoneSimulator
		{C3BFFC4D-1AC8-4225-9DC5-D3A6D8E97524}.Debug|iPhoneSimulator.Build.0 = Debug|iPhoneSimulator
		{C3BFFC4D-1AC8-4225-9DC5-D3A6D8E97524}.Debug|x64.ActiveCfg = Debug|iPhone
		{C3BFFC4D-1AC8-4225-9DC5-D3A6D8E97524}.Debug|x86.ActiveCfg = Debug|iPhone
		{C3BFFC4D-1AC8-4225-9DC5-D3A6D8E97524}.Release|Any CPU.ActiveCfg = Release|iPhone
		{C3BFFC4D-1AC8-4225-9DC5-D3A6D8E97524}.Release|ARM.ActiveCfg = Release|iPhone
		{C3BFFC4D-1AC8-4225-9DC5-D3A6D8E97524}.Release|iPhone.ActiveCfg = Release|iPhone
		{C3BFFC4D-1AC8-4225-9DC5-D3A6D8E97524}.Release|iPhone.Build.0 = Release|iPhone
		{C3BFFC4D-1AC8-4225-9DC5-D3A6D8E97524}.Release|iPhoneSimulator.ActiveCfg = Release|iPhoneSimulator
		{C3BFFC4D-1AC8-4225-9DC5-D3A6D8E97524}.Release|iPhoneSimulator.Build.0 = Release|iPhoneSimulator
		{C3BFFC4D-1AC8-4225-9DC5-D3A6D8E97524}.Release|x64.ActiveCfg = Release|iPhone
		{C3BFFC4D-1AC8-4225-9DC5-D3A6D8E97524}.Release|x86.ActiveCfg = Release|iPhone
		{53C2940A-8D44-4CC9-9CB6-2ACA60B8D5A1}.Ad-Hoc|Any CPU.ActiveCfg = Release|Any CPU
		{53C2940A-8D44-4CC9-9CB6-2ACA60B8D5A1}.Ad-Hoc|Any CPU.Build.0 = Release|Any CPU
		{53C2940A-8D44-4CC9-9CB6-2ACA60B8D5A1}.Ad-Hoc|Any CPU.Deploy.0 = Release|Any CPU
		{53C2940A-8D44-4CC9-9CB6-2ACA60B8D5A1}.Ad-Hoc|ARM.ActiveCfg = Release|ARM
		{53C2940A-8D44-4CC9-9CB6-2ACA60B8D5A1}.Ad-Hoc|ARM.Build.0 = Release|ARM
		{53C2940A-8D44-4CC9-9CB6-2ACA60B8D5A1}.Ad-Hoc|ARM.Deploy.0 = Release|ARM
		{53C2940A-8D44-4CC9-9CB6-2ACA60B8D5A1}.Ad-Hoc|iPhone.ActiveCfg = Release|Any CPU
		{53C2940A-8D44-4CC9-9CB6-2ACA60B8D5A1}.Ad-Hoc|iPhone.Build.0 = Release|Any CPU
		{53C2940A-8D44-4CC9-9CB6-2ACA60B8D5A1}.Ad-Hoc|iPhone.Deploy.0 = Release|Any CPU
		{53C2940A-8D44-4CC9-9CB6-2ACA60B8D5A1}.Ad-Hoc|iPhoneSimulator.ActiveCfg = Release|Any CPU
		{53C2940A-8D44-4CC9-9CB6-2ACA60B8D5A1}.Ad-Hoc|iPhoneSimulator.Build.0 = Release|Any CPU
		{53C2940A-8D44-4CC9-9CB6-2ACA60B8D5A1}.Ad-Hoc|iPhoneSimulator.Deploy.0 = Release|Any CPU
		{53C2940A-8D44-4CC9-9CB6-2ACA60B8D5A1}.Ad-Hoc|x64.ActiveCfg = Release|Any CPU
		{53C2940A-8D44-4CC9-9CB6-2ACA60B8D5A1}.Ad-Hoc|x64.Build.0 = Release|Any CPU
		{53C2940A-8D44-4CC9-9CB6-2ACA60B8D5A1}.Ad-Hoc|x64.Deploy.0 = Release|Any CPU
		{53C2940A-8D44-4CC9-9CB6-2ACA60B8D5A1}.Ad-Hoc|x86.ActiveCfg = Release|x86
		{53C2940A-8D44-4CC9-9CB6-2ACA60B8D5A1}.Ad-Hoc|x86.Build.0 = Release|x86
		{53C2940A-8D44-4CC9-9CB6-2ACA60B8D5A1}.Ad-Hoc|x86.Deploy.0 = Release|x86
		{53C2940A-8D44-4CC9-9CB6-2ACA60B8D5A1}.AppStore|Any CPU.ActiveCfg = Release|Any CPU
		{53C2940A-8D44-4CC9-9CB6-2ACA60B8D5A1}.AppStore|Any CPU.Build.0 = Release|Any CPU
		{53C2940A-8D44-4CC9-9CB6-2ACA60B8D5A1}.AppStore|Any CPU.Deploy.0 = Release|Any CPU
		{53C2940A-8D44-4CC9-9CB6-2ACA60B8D5A1}.AppStore|ARM.ActiveCfg = Release|ARM
		{53C2940A-8D44-4CC9-9CB6-2ACA60B8D5A1}.AppStore|ARM.Build.0 = Release|ARM
		{53C2940A-8D44-4CC9-9CB6-2ACA60B8D5A1}.AppStore|ARM.Deploy.0 = Release|ARM
		{53C2940A-8D44-4CC9-9CB6-2ACA60B8D5A1}.AppStore|iPhone.ActiveCfg = Release|Any CPU
		{53C2940A-8D44-4CC9-9CB6-2ACA60B8D5A1}.AppStore|iPhone.Build.0 = Release|Any CPU
		{53C2940A-8D44-4CC9-9CB6-2ACA60B8D5A1}.AppStore|iPhone.Deploy.0 = Release|Any CPU
		{53C2940A-8D44-4CC9-9CB6-2ACA60B8D5A1}.AppStore|iPhoneSimulator.ActiveCfg = Release|Any CPU
		{53C2940A-8D44-4CC9-9CB6-2ACA60B8D5A1}.AppStore|iPhoneSimulator.Build.0 = Release|Any CPU
		{53C2940A-8D44-4CC9-9CB6-2ACA60B8D5A1}.AppStore|iPhoneSimulator.Deploy.0 = Release|Any CPU
		{53C2940A-8D44-4CC9-9CB6-2ACA60B8D5A1}.AppStore|x64.ActiveCfg = Release|Any CPU
		{53C2940A-8D44-4CC9-9CB6-2ACA60B8D5A1}.AppStore|x64.Build.0 = Release|Any CPU
		{53C2940A-8D44-4CC9-9CB6-2ACA60B8D5A1}.AppStore|x64.Deploy.0 = Release|Any CPU
		{53C2940A-8D44-4CC9-9CB6-2ACA60B8D5A1}.AppStore|x86.ActiveCfg = Release|x86
		{53C2940A-8D44-4CC9-9CB6-2ACA60B8D5A1}.AppStore|x86.Build.0 = Release|x86
		{53C2940A-8D44-4CC9-9CB6-2ACA60B8D5A1}.AppStore|x86.Deploy.0 = Release|x86
		{53C2940A-8D44-4CC9-9CB6-2ACA60B8D5A1}.Debug|Any CPU.ActiveCfg = Debug|Any CPU
		{53C2940A-8D44-4CC9-9CB6-2ACA60B8D5A1}.Debug|Any CPU.Build.0 = Debug|Any CPU
		{53C2940A-8D44-4CC9-9CB6-2ACA60B8D5A1}.Debug|Any CPU.Deploy.0 = Debug|Any CPU
		{53C2940A-8D44-4CC9-9CB6-2ACA60B8D5A1}.Debug|ARM.ActiveCfg = Debug|ARM
		{53C2940A-8D44-4CC9-9CB6-2ACA60B8D5A1}.Debug|ARM.Build.0 = Debug|ARM
		{53C2940A-8D44-4CC9-9CB6-2ACA60B8D5A1}.Debug|ARM.Deploy.0 = Debug|ARM
		{53C2940A-8D44-4CC9-9CB6-2ACA60B8D5A1}.Debug|iPhone.ActiveCfg = Debug|Any CPU
		{53C2940A-8D44-4CC9-9CB6-2ACA60B8D5A1}.Debug|iPhone.Build.0 = Debug|Any CPU
		{53C2940A-8D44-4CC9-9CB6-2ACA60B8D5A1}.Debug|iPhone.Deploy.0 = Debug|Any CPU
		{53C2940A-8D44-4CC9-9CB6-2ACA60B8D5A1}.Debug|iPhoneSimulator.ActiveCfg = Debug|Any CPU
		{53C2940A-8D44-4CC9-9CB6-2ACA60B8D5A1}.Debug|iPhoneSimulator.Build.0 = Debug|Any CPU
		{53C2940A-8D44-4CC9-9CB6-2ACA60B8D5A1}.Debug|iPhoneSimulator.Deploy.0 = Debug|Any CPU
		{53C2940A-8D44-4CC9-9CB6-2ACA60B8D5A1}.Debug|x64.ActiveCfg = Debug|Any CPU
		{53C2940A-8D44-4CC9-9CB6-2ACA60B8D5A1}.Debug|x64.Build.0 = Debug|Any CPU
		{53C2940A-8D44-4CC9-9CB6-2ACA60B8D5A1}.Debug|x64.Deploy.0 = Debug|Any CPU
		{53C2940A-8D44-4CC9-9CB6-2ACA60B8D5A1}.Debug|x86.ActiveCfg = Debug|x86
		{53C2940A-8D44-4CC9-9CB6-2ACA60B8D5A1}.Debug|x86.Build.0 = Debug|x86
		{53C2940A-8D44-4CC9-9CB6-2ACA60B8D5A1}.Debug|x86.Deploy.0 = Debug|x86
		{53C2940A-8D44-4CC9-9CB6-2ACA60B8D5A1}.Release|Any CPU.ActiveCfg = Release|Any CPU
		{53C2940A-8D44-4CC9-9CB6-2ACA60B8D5A1}.Release|Any CPU.Build.0 = Release|Any CPU
		{53C2940A-8D44-4CC9-9CB6-2ACA60B8D5A1}.Release|Any CPU.Deploy.0 = Release|Any CPU
		{53C2940A-8D44-4CC9-9CB6-2ACA60B8D5A1}.Release|ARM.ActiveCfg = Release|ARM
		{53C2940A-8D44-4CC9-9CB6-2ACA60B8D5A1}.Release|ARM.Build.0 = Release|ARM
		{53C2940A-8D44-4CC9-9CB6-2ACA60B8D5A1}.Release|ARM.Deploy.0 = Release|ARM
		{53C2940A-8D44-4CC9-9CB6-2ACA60B8D5A1}.Release|iPhone.ActiveCfg = Release|Any CPU
		{53C2940A-8D44-4CC9-9CB6-2ACA60B8D5A1}.Release|iPhone.Build.0 = Release|Any CPU
		{53C2940A-8D44-4CC9-9CB6-2ACA60B8D5A1}.Release|iPhone.Deploy.0 = Release|Any CPU
		{53C2940A-8D44-4CC9-9CB6-2ACA60B8D5A1}.Release|iPhoneSimulator.ActiveCfg = Release|Any CPU
		{53C2940A-8D44-4CC9-9CB6-2ACA60B8D5A1}.Release|iPhoneSimulator.Build.0 = Release|Any CPU
		{53C2940A-8D44-4CC9-9CB6-2ACA60B8D5A1}.Release|iPhoneSimulator.Deploy.0 = Release|Any CPU
		{53C2940A-8D44-4CC9-9CB6-2ACA60B8D5A1}.Release|x64.ActiveCfg = Release|Any CPU
		{53C2940A-8D44-4CC9-9CB6-2ACA60B8D5A1}.Release|x64.Build.0 = Release|Any CPU
		{53C2940A-8D44-4CC9-9CB6-2ACA60B8D5A1}.Release|x64.Deploy.0 = Release|Any CPU
		{53C2940A-8D44-4CC9-9CB6-2ACA60B8D5A1}.Release|x86.ActiveCfg = Release|x86
		{53C2940A-8D44-4CC9-9CB6-2ACA60B8D5A1}.Release|x86.Build.0 = Release|x86
		{53C2940A-8D44-4CC9-9CB6-2ACA60B8D5A1}.Release|x86.Deploy.0 = Release|x86
		{915DDBEF-F0A8-4A34-B98F-64227F110452}.Ad-Hoc|Any CPU.ActiveCfg = Release|x86
		{915DDBEF-F0A8-4A34-B98F-64227F110452}.Ad-Hoc|Any CPU.Build.0 = Release|x86
		{915DDBEF-F0A8-4A34-B98F-64227F110452}.Ad-Hoc|Any CPU.Deploy.0 = Release|x86
		{915DDBEF-F0A8-4A34-B98F-64227F110452}.Ad-Hoc|ARM.ActiveCfg = Release|ARM
		{915DDBEF-F0A8-4A34-B98F-64227F110452}.Ad-Hoc|ARM.Build.0 = Release|ARM
		{915DDBEF-F0A8-4A34-B98F-64227F110452}.Ad-Hoc|ARM.Deploy.0 = Release|ARM
		{915DDBEF-F0A8-4A34-B98F-64227F110452}.Ad-Hoc|iPhone.ActiveCfg = Release|x86
		{915DDBEF-F0A8-4A34-B98F-64227F110452}.Ad-Hoc|iPhone.Build.0 = Release|x86
		{915DDBEF-F0A8-4A34-B98F-64227F110452}.Ad-Hoc|iPhone.Deploy.0 = Release|x86
		{915DDBEF-F0A8-4A34-B98F-64227F110452}.Ad-Hoc|iPhoneSimulator.ActiveCfg = Release|x86
		{915DDBEF-F0A8-4A34-B98F-64227F110452}.Ad-Hoc|iPhoneSimulator.Build.0 = Release|x86
		{915DDBEF-F0A8-4A34-B98F-64227F110452}.Ad-Hoc|iPhoneSimulator.Deploy.0 = Release|x86
		{915DDBEF-F0A8-4A34-B98F-64227F110452}.Ad-Hoc|x64.ActiveCfg = Release|x64
		{915DDBEF-F0A8-4A34-B98F-64227F110452}.Ad-Hoc|x64.Build.0 = Release|x64
		{915DDBEF-F0A8-4A34-B98F-64227F110452}.Ad-Hoc|x64.Deploy.0 = Release|x64
		{915DDBEF-F0A8-4A34-B98F-64227F110452}.Ad-Hoc|x86.ActiveCfg = Release|x86
		{915DDBEF-F0A8-4A34-B98F-64227F110452}.Ad-Hoc|x86.Build.0 = Release|x86
		{915DDBEF-F0A8-4A34-B98F-64227F110452}.Ad-Hoc|x86.Deploy.0 = Release|x86
		{915DDBEF-F0A8-4A34-B98F-64227F110452}.AppStore|Any CPU.ActiveCfg = Release|x86
		{915DDBEF-F0A8-4A34-B98F-64227F110452}.AppStore|Any CPU.Build.0 = Release|x86
		{915DDBEF-F0A8-4A34-B98F-64227F110452}.AppStore|Any CPU.Deploy.0 = Release|x86
		{915DDBEF-F0A8-4A34-B98F-64227F110452}.AppStore|ARM.ActiveCfg = Release|ARM
		{915DDBEF-F0A8-4A34-B98F-64227F110452}.AppStore|ARM.Build.0 = Release|ARM
		{915DDBEF-F0A8-4A34-B98F-64227F110452}.AppStore|ARM.Deploy.0 = Release|ARM
		{915DDBEF-F0A8-4A34-B98F-64227F110452}.AppStore|iPhone.ActiveCfg = Release|x86
		{915DDBEF-F0A8-4A34-B98F-64227F110452}.AppStore|iPhone.Build.0 = Release|x86
		{915DDBEF-F0A8-4A34-B98F-64227F110452}.AppStore|iPhone.Deploy.0 = Release|x86
		{915DDBEF-F0A8-4A34-B98F-64227F110452}.AppStore|iPhoneSimulator.ActiveCfg = Release|x86
		{915DDBEF-F0A8-4A34-B98F-64227F110452}.AppStore|iPhoneSimulator.Build.0 = Release|x86
		{915DDBEF-F0A8-4A34-B98F-64227F110452}.AppStore|iPhoneSimulator.Deploy.0 = Release|x86
		{915DDBEF-F0A8-4A34-B98F-64227F110452}.AppStore|x64.ActiveCfg = Release|x64
		{915DDBEF-F0A8-4A34-B98F-64227F110452}.AppStore|x64.Build.0 = Release|x64
		{915DDBEF-F0A8-4A34-B98F-64227F110452}.AppStore|x64.Deploy.0 = Release|x64
		{915DDBEF-F0A8-4A34-B98F-64227F110452}.AppStore|x86.ActiveCfg = Release|x86
		{915DDBEF-F0A8-4A34-B98F-64227F110452}.AppStore|x86.Build.0 = Release|x86
		{915DDBEF-F0A8-4A34-B98F-64227F110452}.AppStore|x86.Deploy.0 = Release|x86
		{915DDBEF-F0A8-4A34-B98F-64227F110452}.Debug|Any CPU.ActiveCfg = Debug|x86
		{915DDBEF-F0A8-4A34-B98F-64227F110452}.Debug|ARM.ActiveCfg = Debug|ARM
		{915DDBEF-F0A8-4A34-B98F-64227F110452}.Debug|ARM.Build.0 = Debug|ARM
		{915DDBEF-F0A8-4A34-B98F-64227F110452}.Debug|ARM.Deploy.0 = Debug|ARM
		{915DDBEF-F0A8-4A34-B98F-64227F110452}.Debug|iPhone.ActiveCfg = Debug|x86
		{915DDBEF-F0A8-4A34-B98F-64227F110452}.Debug|iPhoneSimulator.ActiveCfg = Debug|x86
		{915DDBEF-F0A8-4A34-B98F-64227F110452}.Debug|x64.ActiveCfg = Debug|x64
		{915DDBEF-F0A8-4A34-B98F-64227F110452}.Debug|x64.Build.0 = Debug|x64
		{915DDBEF-F0A8-4A34-B98F-64227F110452}.Debug|x64.Deploy.0 = Debug|x64
		{915DDBEF-F0A8-4A34-B98F-64227F110452}.Debug|x86.ActiveCfg = Debug|x86
		{915DDBEF-F0A8-4A34-B98F-64227F110452}.Debug|x86.Build.0 = Debug|x86
		{915DDBEF-F0A8-4A34-B98F-64227F110452}.Debug|x86.Deploy.0 = Debug|x86
		{915DDBEF-F0A8-4A34-B98F-64227F110452}.Release|Any CPU.ActiveCfg = Release|x86
		{915DDBEF-F0A8-4A34-B98F-64227F110452}.Release|ARM.ActiveCfg = Release|ARM
		{915DDBEF-F0A8-4A34-B98F-64227F110452}.Release|ARM.Build.0 = Release|ARM
		{915DDBEF-F0A8-4A34-B98F-64227F110452}.Release|ARM.Deploy.0 = Release|ARM
		{915DDBEF-F0A8-4A34-B98F-64227F110452}.Release|iPhone.ActiveCfg = Release|x86
		{915DDBEF-F0A8-4A34-B98F-64227F110452}.Release|iPhoneSimulator.ActiveCfg = Release|x86
		{915DDBEF-F0A8-4A34-B98F-64227F110452}.Release|x64.ActiveCfg = Release|x64
		{915DDBEF-F0A8-4A34-B98F-64227F110452}.Release|x64.Build.0 = Release|x64
		{915DDBEF-F0A8-4A34-B98F-64227F110452}.Release|x64.Deploy.0 = Release|x64
		{915DDBEF-F0A8-4A34-B98F-64227F110452}.Release|x86.ActiveCfg = Release|x86
		{915DDBEF-F0A8-4A34-B98F-64227F110452}.Release|x86.Build.0 = Release|x86
		{915DDBEF-F0A8-4A34-B98F-64227F110452}.Release|x86.Deploy.0 = Release|x86
		{47B6D2A5-FE61-46A1-8C4A-9F4CE8F96442}.Ad-Hoc|Any CPU.ActiveCfg = Release|Any CPU
		{47B6D2A5-FE61-46A1-8C4A-9F4CE8F96442}.Ad-Hoc|Any CPU.Build.0 = Release|Any CPU
		{47B6D2A5-FE61-46A1-8C4A-9F4CE8F96442}.Ad-Hoc|Any CPU.Deploy.0 = Release|Any CPU
		{47B6D2A5-FE61-46A1-8C4A-9F4CE8F96442}.Ad-Hoc|ARM.ActiveCfg = Release|ARM
		{47B6D2A5-FE61-46A1-8C4A-9F4CE8F96442}.Ad-Hoc|ARM.Build.0 = Release|ARM
		{47B6D2A5-FE61-46A1-8C4A-9F4CE8F96442}.Ad-Hoc|ARM.Deploy.0 = Release|ARM
		{47B6D2A5-FE61-46A1-8C4A-9F4CE8F96442}.Ad-Hoc|iPhone.ActiveCfg = Release|Any CPU
		{47B6D2A5-FE61-46A1-8C4A-9F4CE8F96442}.Ad-Hoc|iPhone.Build.0 = Release|Any CPU
		{47B6D2A5-FE61-46A1-8C4A-9F4CE8F96442}.Ad-Hoc|iPhone.Deploy.0 = Release|Any CPU
		{47B6D2A5-FE61-46A1-8C4A-9F4CE8F96442}.Ad-Hoc|iPhoneSimulator.ActiveCfg = Release|Any CPU
		{47B6D2A5-FE61-46A1-8C4A-9F4CE8F96442}.Ad-Hoc|iPhoneSimulator.Build.0 = Release|Any CPU
		{47B6D2A5-FE61-46A1-8C4A-9F4CE8F96442}.Ad-Hoc|iPhoneSimulator.Deploy.0 = Release|Any CPU
		{47B6D2A5-FE61-46A1-8C4A-9F4CE8F96442}.Ad-Hoc|x64.ActiveCfg = Release|x64
		{47B6D2A5-FE61-46A1-8C4A-9F4CE8F96442}.Ad-Hoc|x64.Build.0 = Release|x64
		{47B6D2A5-FE61-46A1-8C4A-9F4CE8F96442}.Ad-Hoc|x64.Deploy.0 = Release|x64
		{47B6D2A5-FE61-46A1-8C4A-9F4CE8F96442}.Ad-Hoc|x86.ActiveCfg = Release|x86
		{47B6D2A5-FE61-46A1-8C4A-9F4CE8F96442}.Ad-Hoc|x86.Build.0 = Release|x86
		{47B6D2A5-FE61-46A1-8C4A-9F4CE8F96442}.Ad-Hoc|x86.Deploy.0 = Release|x86
		{47B6D2A5-FE61-46A1-8C4A-9F4CE8F96442}.AppStore|Any CPU.ActiveCfg = Release|Any CPU
		{47B6D2A5-FE61-46A1-8C4A-9F4CE8F96442}.AppStore|Any CPU.Build.0 = Release|Any CPU
		{47B6D2A5-FE61-46A1-8C4A-9F4CE8F96442}.AppStore|Any CPU.Deploy.0 = Release|Any CPU
		{47B6D2A5-FE61-46A1-8C4A-9F4CE8F96442}.AppStore|ARM.ActiveCfg = Release|ARM
		{47B6D2A5-FE61-46A1-8C4A-9F4CE8F96442}.AppStore|ARM.Build.0 = Release|ARM
		{47B6D2A5-FE61-46A1-8C4A-9F4CE8F96442}.AppStore|ARM.Deploy.0 = Release|ARM
		{47B6D2A5-FE61-46A1-8C4A-9F4CE8F96442}.AppStore|iPhone.ActiveCfg = Release|Any CPU
		{47B6D2A5-FE61-46A1-8C4A-9F4CE8F96442}.AppStore|iPhone.Build.0 = Release|Any CPU
		{47B6D2A5-FE61-46A1-8C4A-9F4CE8F96442}.AppStore|iPhone.Deploy.0 = Release|Any CPU
		{47B6D2A5-FE61-46A1-8C4A-9F4CE8F96442}.AppStore|iPhoneSimulator.ActiveCfg = Release|Any CPU
		{47B6D2A5-FE61-46A1-8C4A-9F4CE8F96442}.AppStore|iPhoneSimulator.Build.0 = Release|Any CPU
		{47B6D2A5-FE61-46A1-8C4A-9F4CE8F96442}.AppStore|iPhoneSimulator.Deploy.0 = Release|Any CPU
		{47B6D2A5-FE61-46A1-8C4A-9F4CE8F96442}.AppStore|x64.ActiveCfg = Release|x64
		{47B6D2A5-FE61-46A1-8C4A-9F4CE8F96442}.AppStore|x64.Build.0 = Release|x64
		{47B6D2A5-FE61-46A1-8C4A-9F4CE8F96442}.AppStore|x64.Deploy.0 = Release|x64
		{47B6D2A5-FE61-46A1-8C4A-9F4CE8F96442}.AppStore|x86.ActiveCfg = Release|x86
		{47B6D2A5-FE61-46A1-8C4A-9F4CE8F96442}.AppStore|x86.Build.0 = Release|x86
		{47B6D2A5-FE61-46A1-8C4A-9F4CE8F96442}.AppStore|x86.Deploy.0 = Release|x86
		{47B6D2A5-FE61-46A1-8C4A-9F4CE8F96442}.Debug|Any CPU.ActiveCfg = Debug|Any CPU
		{47B6D2A5-FE61-46A1-8C4A-9F4CE8F96442}.Debug|Any CPU.Build.0 = Debug|Any CPU
		{47B6D2A5-FE61-46A1-8C4A-9F4CE8F96442}.Debug|Any CPU.Deploy.0 = Debug|Any CPU
		{47B6D2A5-FE61-46A1-8C4A-9F4CE8F96442}.Debug|ARM.ActiveCfg = Debug|ARM
		{47B6D2A5-FE61-46A1-8C4A-9F4CE8F96442}.Debug|ARM.Build.0 = Debug|ARM
		{47B6D2A5-FE61-46A1-8C4A-9F4CE8F96442}.Debug|ARM.Deploy.0 = Debug|ARM
		{47B6D2A5-FE61-46A1-8C4A-9F4CE8F96442}.Debug|iPhone.ActiveCfg = Debug|Any CPU
		{47B6D2A5-FE61-46A1-8C4A-9F4CE8F96442}.Debug|iPhone.Build.0 = Debug|Any CPU
		{47B6D2A5-FE61-46A1-8C4A-9F4CE8F96442}.Debug|iPhone.Deploy.0 = Debug|Any CPU
		{47B6D2A5-FE61-46A1-8C4A-9F4CE8F96442}.Debug|iPhoneSimulator.ActiveCfg = Debug|Any CPU
		{47B6D2A5-FE61-46A1-8C4A-9F4CE8F96442}.Debug|iPhoneSimulator.Build.0 = Debug|Any CPU
		{47B6D2A5-FE61-46A1-8C4A-9F4CE8F96442}.Debug|iPhoneSimulator.Deploy.0 = Debug|Any CPU
		{47B6D2A5-FE61-46A1-8C4A-9F4CE8F96442}.Debug|x64.ActiveCfg = Debug|x64
		{47B6D2A5-FE61-46A1-8C4A-9F4CE8F96442}.Debug|x64.Build.0 = Debug|x64
		{47B6D2A5-FE61-46A1-8C4A-9F4CE8F96442}.Debug|x64.Deploy.0 = Debug|x64
		{47B6D2A5-FE61-46A1-8C4A-9F4CE8F96442}.Debug|x86.ActiveCfg = Debug|x86
		{47B6D2A5-FE61-46A1-8C4A-9F4CE8F96442}.Debug|x86.Build.0 = Debug|x86
		{47B6D2A5-FE61-46A1-8C4A-9F4CE8F96442}.Debug|x86.Deploy.0 = Debug|x86
		{47B6D2A5-FE61-46A1-8C4A-9F4CE8F96442}.Release|Any CPU.ActiveCfg = Release|Any CPU
		{47B6D2A5-FE61-46A1-8C4A-9F4CE8F96442}.Release|Any CPU.Build.0 = Release|Any CPU
		{47B6D2A5-FE61-46A1-8C4A-9F4CE8F96442}.Release|Any CPU.Deploy.0 = Release|Any CPU
		{47B6D2A5-FE61-46A1-8C4A-9F4CE8F96442}.Release|ARM.ActiveCfg = Release|ARM
		{47B6D2A5-FE61-46A1-8C4A-9F4CE8F96442}.Release|ARM.Build.0 = Release|ARM
		{47B6D2A5-FE61-46A1-8C4A-9F4CE8F96442}.Release|ARM.Deploy.0 = Release|ARM
		{47B6D2A5-FE61-46A1-8C4A-9F4CE8F96442}.Release|iPhone.ActiveCfg = Release|Any CPU
		{47B6D2A5-FE61-46A1-8C4A-9F4CE8F96442}.Release|iPhone.Build.0 = Release|Any CPU
		{47B6D2A5-FE61-46A1-8C4A-9F4CE8F96442}.Release|iPhone.Deploy.0 = Release|Any CPU
		{47B6D2A5-FE61-46A1-8C4A-9F4CE8F96442}.Release|iPhoneSimulator.ActiveCfg = Release|Any CPU
		{47B6D2A5-FE61-46A1-8C4A-9F4CE8F96442}.Release|iPhoneSimulator.Build.0 = Release|Any CPU
		{47B6D2A5-FE61-46A1-8C4A-9F4CE8F96442}.Release|iPhoneSimulator.Deploy.0 = Release|Any CPU
		{47B6D2A5-FE61-46A1-8C4A-9F4CE8F96442}.Release|x64.ActiveCfg = Release|x64
		{47B6D2A5-FE61-46A1-8C4A-9F4CE8F96442}.Release|x64.Build.0 = Release|x64
		{47B6D2A5-FE61-46A1-8C4A-9F4CE8F96442}.Release|x64.Deploy.0 = Release|x64
		{47B6D2A5-FE61-46A1-8C4A-9F4CE8F96442}.Release|x86.ActiveCfg = Release|x86
		{47B6D2A5-FE61-46A1-8C4A-9F4CE8F96442}.Release|x86.Build.0 = Release|x86
		{47B6D2A5-FE61-46A1-8C4A-9F4CE8F96442}.Release|x86.Deploy.0 = Release|x86
	EndGlobalSection
	GlobalSection(SolutionProperties) = preSolution
		HideSolutionNode = FALSE
	EndGlobalSection
EndGlobal
